
Microsoft Visual Studio Solution File, Format Version 12.00
# Visual Studio Version 16
VisualStudioVersion = 16.0.36324.18
MinimumVisualStudioVersion = 10.0.40219.1
Project("{FAE04EC0-301F-11D3-BF4B-00C04F79EFBC}") = "desafio-programacao-orientada-objetos", "desafio-programacao-orientada-objetos\desafio-programacao-orientada-objetos.csproj", "{435228CD-9255-4130-8105-AD2C763BCFAA}"
EndProject
Global
	GlobalSection(SolutionConfigurationPlatforms) = preSolution
		Debug|Any CPU = Debug|Any CPU
		Release|Any CPU = Release|Any CPU
	EndGlobalSection
	GlobalSection(ProjectConfigurationPlatforms) = postSolution
		{435228CD-9255-4130-8105-AD2C763BCFAA}.Debug|Any CPU.ActiveCfg = Debug|Any CPU
		{435228CD-9255-4130-8105-AD2C763BCFAA}.Debug|Any CPU.Build.0 = Debug|Any CPU
		{435228CD-9255-4130-8105-AD2C763BCFAA}.Release|Any CPU.ActiveCfg = Release|Any CPU
		{435228CD-9255-4130-8105-AD2C763BCFAA}.Release|Any CPU.Build.0 = Release|Any CPU
	EndGlobalSection
	GlobalSection(SolutionProperties) = preSolution
		HideSolutionNode = FALSE
	EndGlobalSection
	GlobalSection(ExtensibilityGlobals) = postSolution
		SolutionGuid = {12ADC6F9-1893-4DC4-80DE-FC3798CFF7F4}
	EndGlobalSection
EndGlobal
